
Microsoft Visual Studio Solution File, Format Version 12.00
# Visual Studio Version 16
VisualStudioVersion = 16.0.30907.101
MinimumVisualStudioVersion = 10.0.40219.1
Project("{FAE04EC0-301F-11D3-BF4B-00C04F79EFBC}") = "Super Zapatos", "Super Zapatos\Super Zapatos.csproj", "{8DF962DB-3925-4AD9-AF0D-D3435B705BD9}"
EndProject
Project("{FAE04EC0-301F-11D3-BF4B-00C04F79EFBC}") = "Super Zapatos Services", "Super Zapatos Services\Super Zapatos Services.csproj", "{E4176C62-D106-4250-BE17-860241C21D6F}"
EndProject
Global
	GlobalSection(SolutionConfigurationPlatforms) = preSolution
		Debug|Any CPU = Debug|Any CPU
		Release|Any CPU = Release|Any CPU
	EndGlobalSection
	GlobalSection(ProjectConfigurationPlatforms) = postSolution
		{8DF962DB-3925-4AD9-AF0D-D3435B705BD9}.Debug|Any CPU.ActiveCfg = Debug|Any CPU
		{8DF962DB-3925-4AD9-AF0D-D3435B705BD9}.Debug|Any CPU.Build.0 = Debug|Any CPU
		{8DF962DB-3925-4AD9-AF0D-D3435B705BD9}.Release|Any CPU.ActiveCfg = Release|Any CPU
		{8DF962DB-3925-4AD9-AF0D-D3435B705BD9}.Release|Any CPU.Build.0 = Release|Any CPU
		{E4176C62-D106-4250-BE17-860241C21D6F}.Debug|Any CPU.ActiveCfg = Debug|Any CPU
		{E4176C62-D106-4250-BE17-860241C21D6F}.Debug|Any CPU.Build.0 = Debug|Any CPU
		{E4176C62-D106-4250-BE17-860241C21D6F}.Release|Any CPU.ActiveCfg = Release|Any CPU
		{E4176C62-D106-4250-BE17-860241C21D6F}.Release|Any CPU.Build.0 = Release|Any CPU
	EndGlobalSection
	GlobalSection(SolutionProperties) = preSolution
		HideSolutionNode = FALSE
	EndGlobalSection
	GlobalSection(ExtensibilityGlobals) = postSolution
		SolutionGuid = {90476D4C-A4DB-4E87-8AD1-64BCC1678E55}
	EndGlobalSection
EndGlobal
